// !$*UTF8*$!
{
	archiveVersion = 1;
	classes = {
	};
	objectVersion = 46;
	objects = {

/* Begin PBXBuildFile section */
		4917278B1B0E98A800E2DD92 /* AppDelegate.swift in Sources */ = {isa = PBXBuildFile; fileRef = 4917278A1B0E98A800E2DD92 /* AppDelegate.swift */; };
		4917278D1B0E98A800E2DD92 /* ViewController.swift in Sources */ = {isa = PBXBuildFile; fileRef = 4917278C1B0E98A800E2DD92 /* ViewController.swift */; };
		491727901B0E98A800E2DD92 /* Main.storyboard in Resources */ = {isa = PBXBuildFile; fileRef = 4917278E1B0E98A800E2DD92 /* Main.storyboard */; };
		491727921B0E98A800E2DD92 /* Images.xcassets in Resources */ = {isa = PBXBuildFile; fileRef = 491727911B0E98A800E2DD92 /* Images.xcassets */; };
		491727951B0E98A800E2DD92 /* LaunchScreen.xib in Resources */ = {isa = PBXBuildFile; fileRef = 491727931B0E98A800E2DD92 /* LaunchScreen.xib */; };
		491727A11B0E98A800E2DD92 /* Beat_XpressTests.swift in Sources */ = {isa = PBXBuildFile; fileRef = 491727A01B0E98A800E2DD92 /* Beat_XpressTests.swift */; };
		49315A551B0E9AFB00FB6632 /* XpressiveAudioEngine.swift in Sources */ = {isa = PBXBuildFile; fileRef = 49315A541B0E9AFB00FB6632 /* XpressiveAudioEngine.swift */; };
		49315A5A1B0EA4EB00FB6632 /* Bright Crash in Resources */ = {isa = PBXBuildFile; fileRef = 49315A561B0EA4EB00FB6632 /* Bright Crash */; };
		49315A5B1B0EA4EB00FB6632 /* HiHat in Resources */ = {isa = PBXBuildFile; fileRef = 49315A571B0EA4EB00FB6632 /* HiHat */; };
		49315A5C1B0EA4EB00FB6632 /* Long Kick in Resources */ = {isa = PBXBuildFile; fileRef = 49315A581B0EA4EB00FB6632 /* Long Kick */; };
		49315A5D1B0EA4EB00FB6632 /* Snare in Resources */ = {isa = PBXBuildFile; fileRef = 49315A591B0EA4EB00FB6632 /* Snare */; };
/* End PBXBuildFile section */

/* Begin PBXContainerItemProxy section */
		4917279B1B0E98A800E2DD92 /* PBXContainerItemProxy */ = {
			isa = PBXContainerItemProxy;
			containerPortal = 4917277D1B0E98A800E2DD92 /* Project object */;
			proxyType = 1;
			remoteGlobalIDString = 491727841B0E98A800E2DD92;
			remoteInfo = "Beat Xpress";
		};
/* End PBXContainerItemProxy section */

/* Begin PBXFileReference section */
		491727851B0E98A800E2DD92 /* Beat Xpress.app */ = {isa = PBXFileReference; explicitFileType = wrapper.application; includeInIndex = 0; path = "Beat Xpress.app"; sourceTree = BUILT_PRODUCTS_DIR; };
		491727891B0E98A800E2DD92 /* Info.plist */ = {isa = PBXFileReference; lastKnownFileType = text.plist.xml; path = Info.plist; sourceTree = "<group>"; };
		4917278A1B0E98A800E2DD92 /* AppDelegate.swift */ = {isa = PBXFileReference; lastKnownFileType = sourcecode.swift; path = AppDelegate.swift; sourceTree = "<group>"; };
		4917278C1B0E98A800E2DD92 /* ViewController.swift */ = {isa = PBXFileReference; lastKnownFileType = sourcecode.swift; path = ViewController.swift; sourceTree = "<group>"; };
		4917278F1B0E98A800E2DD92 /* Base */ = {isa = PBXFileReference; lastKnownFileType = file.storyboard; name = Base; path = Base.lproj/Main.storyboard; sourceTree = "<group>"; };
		491727911B0E98A800E2DD92 /* Images.xcassets */ = {isa = PBXFileReference; lastKnownFileType = folder.assetcatalog; path = Images.xcassets; sourceTree = "<group>"; };
		491727941B0E98A800E2DD92 /* Base */ = {isa = PBXFileReference; lastKnownFileType = file.xib; name = Base; path = Base.lproj/LaunchScreen.xib; sourceTree = "<group>"; };
		4917279A1B0E98A800E2DD92 /* Beat XpressTests.xctest */ = {isa = PBXFileReference; explicitFileType = wrapper.cfbundle; includeInIndex = 0; path = "Beat XpressTests.xctest"; sourceTree = BUILT_PRODUCTS_DIR; };
		4917279F1B0E98A800E2DD92 /* Info.plist */ = {isa = PBXFileReference; lastKnownFileType = text.plist.xml; path = Info.plist; sourceTree = "<group>"; };
		491727A01B0E98A800E2DD92 /* Beat_XpressTests.swift */ = {isa = PBXFileReference; lastKnownFileType = sourcecode.swift; path = Beat_XpressTests.swift; sourceTree = "<group>"; };
		49315A541B0E9AFB00FB6632 /* XpressiveAudioEngine.swift */ = {isa = PBXFileReference; fileEncoding = 4; lastKnownFileType = sourcecode.swift; path = XpressiveAudioEngine.swift; sourceTree = "<group>"; };
		49315A561B0EA4EB00FB6632 /* Bright Crash */ = {isa = PBXFileReference; lastKnownFileType = folder; path = "Bright Crash"; sourceTree = "<group>"; };
		49315A571B0EA4EB00FB6632 /* HiHat */ = {isa = PBXFileReference; lastKnownFileType = folder; path = HiHat; sourceTree = "<group>"; };
		49315A581B0EA4EB00FB6632 /* Long Kick */ = {isa = PBXFileReference; lastKnownFileType = folder; path = "Long Kick"; sourceTree = "<group>"; };
		49315A591B0EA4EB00FB6632 /* Snare */ = {isa = PBXFileReference; lastKnownFileType = folder; path = Snare; sourceTree = "<group>"; };
/* End PBXFileReference section */

/* Begin PBXFrameworksBuildPhase section */
		491727821B0E98A800E2DD92 /* Frameworks */ = {
			isa = PBXFrameworksBuildPhase;
			buildActionMask = 2147483647;
			files = (
			);
			runOnlyForDeploymentPostprocessing = 0;
		};
		491727971B0E98A800E2DD92 /* Frameworks */ = {
			isa = PBXFrameworksBuildPhase;
			buildActionMask = 2147483647;
			files = (
			);
			runOnlyForDeploymentPostprocessing = 0;
		};
/* End PBXFrameworksBuildPhase section */

/* Begin PBXGroup section */
		4917277C1B0E98A800E2DD92 = {
			isa = PBXGroup;
			children = (
				491727871B0E98A800E2DD92 /* Beat Xpress */,
				4917279D1B0E98A800E2DD92 /* Beat XpressTests */,
				491727861B0E98A800E2DD92 /* Products */,
			);
			sourceTree = "<group>";
		};
		491727861B0E98A800E2DD92 /* Products */ = {
			isa = PBXGroup;
			children = (
				491727851B0E98A800E2DD92 /* Beat Xpress.app */,
				4917279A1B0E98A800E2DD92 /* Beat XpressTests.xctest */,
			);
			name = Products;
			sourceTree = "<group>";
		};
		491727871B0E98A800E2DD92 /* Beat Xpress */ = {
			isa = PBXGroup;
			children = (
				49315A5E1B0EA4F400FB6632 /* Samples */,
				4917278A1B0E98A800E2DD92 /* AppDelegate.swift */,
				4917278C1B0E98A800E2DD92 /* ViewController.swift */,
				49315A541B0E9AFB00FB6632 /* XpressiveAudioEngine.swift */,
				4917278E1B0E98A800E2DD92 /* Main.storyboard */,
				491727911B0E98A800E2DD92 /* Images.xcassets */,
				491727931B0E98A800E2DD92 /* LaunchScreen.xib */,
				491727881B0E98A800E2DD92 /* Supporting Files */,
			);
			path = "Beat Xpress";
			sourceTree = "<group>";
		};
		491727881B0E98A800E2DD92 /* Supporting Files */ = {
			isa = PBXGroup;
			children = (
				491727891B0E98A800E2DD92 /* Info.plist */,
			);
			name = "Supporting Files";
			sourceTree = "<group>";
		};
		4917279D1B0E98A800E2DD92 /* Beat XpressTests */ = {
			isa = PBXGroup;
			children = (
				491727A01B0E98A800E2DD92 /* Beat_XpressTests.swift */,
				4917279E1B0E98A800E2DD92 /* Supporting Files */,
			);
			path = "Beat XpressTests";
			sourceTree = "<group>";
		};
		4917279E1B0E98A800E2DD92 /* Supporting Files */ = {
			isa = PBXGroup;
			children = (
				4917279F1B0E98A800E2DD92 /* Info.plist */,
			);
			name = "Supporting Files";
			sourceTree = "<group>";
		};
		49315A5E1B0EA4F400FB6632 /* Samples */ = {
			isa = PBXGroup;
			children = (
				49315A561B0EA4EB00FB6632 /* Bright Crash */,
				49315A571B0EA4EB00FB6632 /* HiHat */,
				49315A581B0EA4EB00FB6632 /* Long Kick */,
				49315A591B0EA4EB00FB6632 /* Snare */,
			);
			name = Samples;
			sourceTree = "<group>";
		};
/* End PBXGroup section */

/* Begin PBXNativeTarget section */
		491727841B0E98A800E2DD92 /* Beat Xpress */ = {
			isa = PBXNativeTarget;
			buildConfigurationList = 491727A41B0E98A800E2DD92 /* Build configuration list for PBXNativeTarget "Beat Xpress" */;
			buildPhases = (
				491727811B0E98A800E2DD92 /* Sources */,
				491727821B0E98A800E2DD92 /* Frameworks */,
				491727831B0E98A800E2DD92 /* Resources */,
			);
			buildRules = (
			);
			dependencies = (
			);
			name = "Beat Xpress";
			productName = "Beat Xpress";
			productReference = 491727851B0E98A800E2DD92 /* Beat Xpress.app */;
			productType = "com.apple.product-type.application";
		};
		491727991B0E98A800E2DD92 /* Beat XpressTests */ = {
			isa = PBXNativeTarget;
			buildConfigurationList = 491727A71B0E98A800E2DD92 /* Build configuration list for PBXNativeTarget "Beat XpressTests" */;
			buildPhases = (
				491727961B0E98A800E2DD92 /* Sources */,
				491727971B0E98A800E2DD92 /* Frameworks */,
				491727981B0E98A800E2DD92 /* Resources */,
			);
			buildRules = (
			);
			dependencies = (
				4917279C1B0E98A800E2DD92 /* PBXTargetDependency */,
			);
			name = "Beat XpressTests";
			productName = "Beat XpressTests";
			productReference = 4917279A1B0E98A800E2DD92 /* Beat XpressTests.xctest */;
			productType = "com.apple.product-type.bundle.unit-test";
		};
/* End PBXNativeTarget section */

/* Begin PBXProject section */
		4917277D1B0E98A800E2DD92 /* Project object */ = {
			isa = PBXProject;
			attributes = {
				LastUpgradeCheck = 0630;
				ORGANIZATIONNAME = "Charles Burnett";
				TargetAttributes = {
					491727841B0E98A800E2DD92 = {
						CreatedOnToolsVersion = 6.3.1;
					};
					491727991B0E98A800E2DD92 = {
						CreatedOnToolsVersion = 6.3.1;
						TestTargetID = 491727841B0E98A800E2DD92;
					};
				};
			};
			buildConfigurationList = 491727801B0E98A800E2DD92 /* Build configuration list for PBXProject "Beat Xpress" */;
			compatibilityVersion = "Xcode 3.2";
			developmentRegion = English;
			hasScannedForEncodings = 0;
			knownRegions = (
				en,
				Base,
			);
			mainGroup = 4917277C1B0E98A800E2DD92;
			productRefGroup = 491727861B0E98A800E2DD92 /* Products */;
			projectDirPath = "";
			projectRoot = "";
			targets = (
				491727841B0E98A800E2DD92 /* Beat Xpress */,
				491727991B0E98A800E2DD92 /* Beat XpressTests */,
			);
		};
/* End PBXProject section */

/* Begin PBXResourcesBuildPhase section */
		491727831B0E98A800E2DD92 /* Resources */ = {
			isa = PBXResourcesBuildPhase;
			buildActionMask = 2147483647;
			files = (
				49315A5B1B0EA4EB00FB6632 /* HiHat in Resources */,
				491727901B0E98A800E2DD92 /* Main.storyboard in Resources */,
				49315A5A1B0EA4EB00FB6632 /* Bright Crash in Resources */,
				491727951B0E98A800E2DD92 /* LaunchScreen.xib in Resources */,
				491727921B0E98A800E2DD92 /* Images.xcassets in Resources */,
				49315A5D1B0EA4EB00FB6632 /* Snare in Resources */,
				49315A5C1B0EA4EB00FB6632 /* Long Kick in Resources */,
			);
			runOnlyForDeploymentPostprocessing = 0;
		};
		491727981B0E98A800E2DD92 /* Resources */ = {
			isa = PBXResourcesBuildPhase;
			buildActionMask = 2147483647;
			files = (
			);
			runOnlyForDeploymentPostprocessing = 0;
		};
/* End PBXResourcesBuildPhase section */

/* Begin PBXSourcesBuildPhase section */
		491727811B0E98A800E2DD92 /* Sources */ = {
			isa = PBXSourcesBuildPhase;
			buildActionMask = 2147483647;
			files = (
				4917278D1B0E98A800E2DD92 /* ViewController.swift in Sources */,
				49315A551B0E9AFB00FB6632 /* XpressiveAudioEngine.swift in Sources */,
				4917278B1B0E98A800E2DD92 /* AppDelegate.swift in Sources */,
			);
			runOnlyForDeploymentPostprocessing = 0;
		};
		491727961B0E98A800E2DD92 /* Sources */ = {
			isa = PBXSourcesBuildPhase;
			buildActionMask = 2147483647;
			files = (
				491727A11B0E98A800E2DD92 /* Beat_XpressTests.swift in Sources */,
			);
			runOnlyForDeploymentPostprocessing = 0;
		};
/* End PBXSourcesBuildPhase section */

/* Begin PBXTargetDependency section */
		4917279C1B0E98A800E2DD92 /* PBXTargetDependency */ = {
			isa = PBXTargetDependency;
			target = 491727841B0E98A800E2DD92 /* Beat Xpress */;
			targetProxy = 4917279B1B0E98A800E2DD92 /* PBXContainerItemProxy */;
		};
/* End PBXTargetDependency section */

/* Begin PBXVariantGroup section */
		4917278E1B0E98A800E2DD92 /* Main.storyboard */ = {
			isa = PBXVariantGroup;
			children = (
				4917278F1B0E98A800E2DD92 /* Base */,
			);
			name = Main.storyboard;
			sourceTree = "<group>";
		};
		491727931B0E98A800E2DD92 /* LaunchScreen.xib */ = {
			isa = PBXVariantGroup;
			children = (
				491727941B0E98A800E2DD92 /* Base */,
			);
			name = LaunchScreen.xib;
			sourceTree = "<group>";
		};
/* End PBXVariantGroup section */

/* Begin XCBuildConfiguration section */
		491727A21B0E98A800E2DD92 /* Debug */ = {
			isa = XCBuildConfiguration;
			buildSettings = {
				ALWAYS_SEARCH_USER_PATHS = NO;
				CLANG_CXX_LANGUAGE_STANDARD = "gnu++0x";
				CLANG_CXX_LIBRARY = "libc++";
				CLANG_ENABLE_MODULES = YES;
				CLANG_ENABLE_OBJC_ARC = YES;
				CLANG_WARN_BOOL_CONVERSION = YES;
				CLANG_WARN_CONSTANT_CONVERSION = YES;
				CLANG_WARN_DIRECT_OBJC_ISA_USAGE = YES_ERROR;
				CLANG_WARN_EMPTY_BODY = YES;
				CLANG_WARN_ENUM_CONVERSION = YES;
				CLANG_WARN_INT_CONVERSION = YES;
				CLANG_WARN_OBJC_ROOT_CLASS = YES_ERROR;
				CLANG_WARN_UNREACHABLE_CODE = YES;
				CLANG_WARN__DUPLICATE_METHOD_MATCH = YES;
				"CODE_SIGN_IDENTITY[sdk=iphoneos*]" = "iPhone Developer";
				COPY_PHASE_STRIP = NO;
				DEBUG_INFORMATION_FORMAT = "dwarf-with-dsym";
				ENABLE_STRICT_OBJC_MSGSEND = YES;
				GCC_C_LANGUAGE_STANDARD = gnu99;
				GCC_DYNAMIC_NO_PIC = NO;
				GCC_NO_COMMON_BLOCKS = YES;
				GCC_OPTIMIZATION_LEVEL = 0;
				GCC_PREPROCESSOR_DEFINITIONS = (
					"DEBUG=1",
					"$(inherited)",
				);
				GCC_SYMBOLS_PRIVATE_EXTERN = NO;
				GCC_WARN_64_TO_32_BIT_CONVERSION = YES;
				GCC_WARN_ABOUT_RETURN_TYPE = YES_ERROR;
				GCC_WARN_UNDECLARED_SELECTOR = YES;
				GCC_WARN_UNINITIALIZED_AUTOS = YES_AGGRESSIVE;
				GCC_WARN_UNUSED_FUNCTION = YES;
				GCC_WARN_UNUSED_VARIABLE = YES;
				IPHONEOS_DEPLOYMENT_TARGET = 8.3;
				MTL_ENABLE_DEBUG_INFO = YES;
				ONLY_ACTIVE_ARCH = YES;
				SDKROOT = iphoneos;
				SWIFT_OPTIMIZATION_LEVEL = "-Onone";
				TARGETED_DEVICE_FAMILY = 2;
			};
			name = Debug;
		};
		491727A31B0E98A800E2DD92 /* Release */ = {
			isa = XCBuildConfiguration;
			buildSettings = {
				ALWAYS_SEARCH_USER_PATHS = NO;
				CLANG_CXX_LANGUAGE_STANDARD = "gnu++0x";
				CLANG_CXX_LIBRARY = "libc++";
				CLANG_ENABLE_MODULES = YES;
				CLANG_ENABLE_OBJC_ARC = YES;
				CLANG_WARN_BOOL_CONVERSION = YES;
				CLANG_WARN_CONSTANT_CONVERSION = YES;
				CLANG_WARN_DIRECT_OBJC_ISA_USAGE = YES_ERROR;
				CLANG_WARN_EMPTY_BODY = YES;
				CLANG_WARN_ENUM_CONVERSION = YES;
				CLANG_WARN_INT_CONVERSION = YES;
				CLANG_WARN_OBJC_ROOT_CLASS = YES_ERROR;
				CLANG_WARN_UNREACHABLE_CODE = YES;
				CLANG_WARN__DUPLICATE_METHOD_MATCH = YES;
				"CODE_SIGN_IDENTITY[sdk=iphoneos*]" = "iPhone Developer";
				COPY_PHASE_STRIP = NO;
				DEBUG_INFORMATION_FORMAT = "dwarf-with-dsym";
				ENABLE_NS_ASSERTIONS = NO;
				ENABLE_STRICT_OBJC_MSGSEND = YES;
				GCC_C_LANGUAGE_STANDARD = gnu99;
				GCC_NO_COMMON_BLOCKS = YES;
				GCC_WARN_64_TO_32_BIT_CONVERSION = YES;
				GCC_WARN_ABOUT_RETURN_TYPE = YES_ERROR;
				GCC_WARN_UNDECLARED_SELECTOR = YES;
				GCC_WARN_UNINITIALIZED_AUTOS = YES_AGGRESSIVE;
				GCC_WARN_UNUSED_FUNCTION = YES;
				GCC_WARN_UNUSED_VARIABLE = YES;
				IPHONEOS_DEPLOYMENT_TARGET = 8.3;
				MTL_ENABLE_DEBUG_INFO = NO;
				SDKROOT = iphoneos;
				TARGETED_DEVICE_FAMILY = 2;
				VALIDATE_PRODUCT = YES;
			};
			name = Release;
		};
		491727A51B0E98A800E2DD92 /* Debug */ = {
			isa = XCBuildConfiguration;
			buildSettings = {
				ASSETCATALOG_COMPILER_APPICON_NAME = AppIcon;
				INFOPLIST_FILE = "Beat Xpress/Info.plist";
				LD_RUNPATH_SEARCH_PATHS = "$(inherited) @executable_path/Frameworks";
				PRODUCT_NAME = "$(TARGET_NAME)";
			};
			name = Debug;
		};
		491727A61B0E98A800E2DD92 /* Release */ = {
			isa = XCBuildConfiguration;
			buildSettings = {
				ASSETCATALOG_COMPILER_APPICON_NAME = AppIcon;
				INFOPLIST_FILE = "Beat Xpress/Info.plist";
				LD_RUNPATH_SEARCH_PATHS = "$(inherited) @executable_path/Frameworks";
				PRODUCT_NAME = "$(TARGET_NAME)";
			};
			name = Release;
		};
		491727A81B0E98A800E2DD92 /* Debug */ = {
			isa = XCBuildConfiguration;
			buildSettings = {
				BUNDLE_LOADER = "$(TEST_HOST)";
				FRAMEWORK_SEARCH_PATHS = (
					"$(SDKROOT)/Developer/Library/Frameworks",
					"$(inherited)",
				);
				GCC_PREPROCESSOR_DEFINITIONS = (
					"DEBUG=1",
					"$(inherited)",
				);
				INFOPLIST_FILE = "Beat XpressTests/Info.plist";
				LD_RUNPATH_SEARCH_PATHS = "$(inherited) @executable_path/Frameworks @loader_path/Frameworks";
				PRODUCT_NAME = "$(TARGET_NAME)";
				TEST_HOST = "$(BUILT_PRODUCTS_DIR)/Beat Xpress.app/Beat Xpress";
			};
			name = Debug;
		};
		491727A91B0E98A800E2DD92 /* Release */ = {
			isa = XCBuildConfiguration;
			buildSettings = {
				BUNDLE_LOADER = "$(TEST_HOST)";
				FRAMEWORK_SEARCH_PATHS = (
					"$(SDKROOT)/Developer/Library/Frameworks",
					"$(inherited)",
				);
				INFOPLIST_FILE = "Beat XpressTests/Info.plist";
				LD_RUNPATH_SEARCH_PATHS = "$(inherited) @executable_path/Frameworks @loader_path/Frameworks";
				PRODUCT_NAME = "$(TARGET_NAME)";
				TEST_HOST = "$(BUILT_PRODUCTS_DIR)/Beat Xpress.app/Beat Xpress";
			};
			name = Release;
		};
/* End XCBuildConfiguration section */

/* Begin XCConfigurationList section */
		491727801B0E98A800E2DD92 /* Build configuration list for PBXProject "Beat Xpress" */ = {
			isa = XCConfigurationList;
			buildConfigurations = (
				491727A21B0E98A800E2DD92 /* Debug */,
				491727A31B0E98A800E2DD92 /* Release */,
			);
			defaultConfigurationIsVisible = 0;
			defaultConfigurationName = Release;
		};
		491727A41B0E98A800E2DD92 /* Build configuration list for PBXNativeTarget "Beat Xpress" */ = {
			isa = XCConfigurationList;
			buildConfigurations = (
				491727A51B0E98A800E2DD92 /* Debug */,
				491727A61B0E98A800E2DD92 /* Release */,
			);
			defaultConfigurationIsVisible = 0;
			defaultConfigurationName = Release;
		};
		491727A71B0E98A800E2DD92 /* Build configuration list for PBXNativeTarget "Beat XpressTests" */ = {
			isa = XCConfigurationList;
			buildConfigurations = (
				491727A81B0E98A800E2DD92 /* Debug */,
				491727A91B0E98A800E2DD92 /* Release */,
			);
			defaultConfigurationIsVisible = 0;
			defaultConfigurationName = Release;
		};
/* End XCConfigurationList section */
	};
	rootObject = 4917277D1B0E98A800E2DD92 /* Project object */;
}
